{
  "name": "awt-pj-ss22-video-streaming-mixer-library-1",
  "version": "1.0.0",
  "lockfileVersion": 2,
  "requires": true,
  "packages": {
    "": {
      "name": "awt-pj-ss22-video-streaming-mixer-library-1",
      "version": "1.0.0",
      "license": "ISC",
      "dependencies": {
        "hls-parser": "^0.10.4"
      }
    },
    "node_modules/hls-parser": {
      "version": "0.10.4",
      "resolved": "https://registry.npmjs.org/hls-parser/-/hls-parser-0.10.4.tgz",
      "integrity": "sha512-YAQyeoaDg7G88Vl2Bc5+UP55ROz1nPPYwZ69vTqHx3p7+mKwh0gHYTEIVFB6MZL/npB4XeZ0h9GaH/olps0zeA=="
    }
  },
  "dependencies": {
    "hls-parser": {
      "version": "0.10.4",
      "resolved": "https://registry.npmjs.org/hls-parser/-/hls-parser-0.10.4.tgz",
      "integrity": "sha512-YAQyeoaDg7G88Vl2Bc5+UP55ROz1nPPYwZ69vTqHx3p7+mKwh0gHYTEIVFB6MZL/npB4XeZ0h9GaH/olps0zeA=="
    }
  }
}
